version = 1
revision = 3
requires-python = ">=3.12"

[[package]]
name = "audio-player"
version = "0.1.0"
source = { virtual = "." }
dependencies = [
    { name = "yt-dlp" },
]

[package.metadata]
requires-dist = [{ name = "yt-dlp", specifier = ">=2026.3.3" }]

[[package]]
name = "yt-dlp"
version = "2026.3.3"
source = { registry = "https://pypi.org/simple" }
sdist = { url = "https://files.pythonhosted.org/packages/66/6f/7427d23609353e5ef3470ff43ef551b8bd7b166dd4fef48957f0d0e040fe/yt_dlp-2026.3.3.tar.gz", hash = "sha256:3db7969e3a8964dc786bdebcffa2653f31123bf2a630f04a17bdafb7bbd39952", size = 3118658, upload-time = "2026-03-03T16:54:53.909Z" }
wheels = [
    { url = "https://files.pythonhosted.org/packages/7e/a4/8b5cd28ab87aef48ef15e74241befec3445496327db028f34147a9e0f14f/yt_dlp-2026.3.3-py3-none-any.whl", hash = "sha256:166c6e68c49ba526474bd400e0129f58aa522c2896204aa73be669c3d2f15e63", size = 3315599, upload-time = "2026-03-03T16:54:51.899Z" },
]
